// !$*UTF8*$!
{
	archiveVersion = 1;
	classes = {
	};
	objectVersion = 46;
	objects = {

/* Begin PBXBuildFile section */
		C5032B4A1E7C07DD007DB5CE /* AppDelegate.swift in Sources */ = {isa = PBXBuildFile; fileRef = C5032B491E7C07DD007DB5CE /* AppDelegate.swift */; };
		C5032B4C1E7C07DD007DB5CE /* GameScene.sks in Resources */ = {isa = PBXBuildFile; fileRef = C5032B4B1E7C07DD007DB5CE /* GameScene.sks */; };
		C5032B4E1E7C07DD007DB5CE /* Actions.sks in Resources */ = {isa = PBXBuildFile; fileRef = C5032B4D1E7C07DD007DB5CE /* Actions.sks */; };
		C5032B501E7C07DD007DB5CE /* GameScene.swift in Sources */ = {isa = PBXBuildFile; fileRef = C5032B4F1E7C07DD007DB5CE /* GameScene.swift */; };
		C5032B521E7C07DD007DB5CE /* GameViewController.swift in Sources */ = {isa = PBXBuildFile; fileRef = C5032B511E7C07DD007DB5CE /* GameViewController.swift */; };
		C5032B551E7C07DD007DB5CE /* Main.storyboard in Resources */ = {isa = PBXBuildFile; fileRef = C5032B531E7C07DD007DB5CE /* Main.storyboard */; };
		C5032B571E7C07DD007DB5CE /* Assets.xcassets in Resources */ = {isa = PBXBuildFile; fileRef = C5032B561E7C07DD007DB5CE /* Assets.xcassets */; };
		C5032B5A1E7C07DD007DB5CE /* LaunchScreen.storyboard in Resources */ = {isa = PBXBuildFile; fileRef = C5032B581E7C07DD007DB5CE /* LaunchScreen.storyboard */; };
		C55769E41E807BCB001E836A /* PlayerType.swift in Sources */ = {isa = PBXBuildFile; fileRef = C55769E31E807BCB001E836A /* PlayerType.swift */; };
		C55769E61E807C2F001E836A /* PlayerFactory.swift in Sources */ = {isa = PBXBuildFile; fileRef = C55769E51E807C2F001E836A /* PlayerFactory.swift */; };
		C55769E91E80816E001E836A /* Bullet.swift in Sources */ = {isa = PBXBuildFile; fileRef = C55769E81E80816E001E836A /* Bullet.swift */; };
		C55769F01E80843A001E836A /* Weapon.swift in Sources */ = {isa = PBXBuildFile; fileRef = C55769EF1E80843A001E836A /* Weapon.swift */; };
		C57E61EF1E81467B00D93BD1 /* PhysicsCategories.swift in Sources */ = {isa = PBXBuildFile; fileRef = C57E61EE1E81467B00D93BD1 /* PhysicsCategories.swift */; };
		C57E61F11E8149DD00D93BD1 /* RandomGenerator.swift in Sources */ = {isa = PBXBuildFile; fileRef = C57E61F01E8149DD00D93BD1 /* RandomGenerator.swift */; };
		C57E61F71E814B4E00D93BD1 /* WallTile.swift in Sources */ = {isa = PBXBuildFile; fileRef = C57E61F61E814B4E00D93BD1 /* WallTile.swift */; };
		C57E61F91E814B9700D93BD1 /* LevelFactory.swift in Sources */ = {isa = PBXBuildFile; fileRef = C57E61F81E814B9700D93BD1 /* LevelFactory.swift */; };
		C58039AA1E8AABB9003D439B /* blood.atlas in Resources */ = {isa = PBXBuildFile; fileRef = C58039A91E8AABB9003D439B /* blood.atlas */; };
		C58039AE1E8AB4FE003D439B /* blood_d.atlas in Resources */ = {isa = PBXBuildFile; fileRef = C58039AD1E8AB4FE003D439B /* blood_d.atlas */; };
		C59A2C101E82A61E0087DB6B /* Zombie.swift in Sources */ = {isa = PBXBuildFile; fileRef = C59A2C0F1E82A61E0087DB6B /* Zombie.swift */; };
		C59A2C121E82A8130087DB6B /* ZombieFactory.swift in Sources */ = {isa = PBXBuildFile; fileRef = C59A2C111E82A8130087DB6B /* ZombieFactory.swift */; };
		C59A2C171E83FC660087DB6B /* coolFont.TTF in Resources */ = {isa = PBXBuildFile; fileRef = C59A2C161E83FC650087DB6B /* coolFont.TTF */; };
		C59A2C191E83FEB30087DB6B /* ZombieType.swift in Sources */ = {isa = PBXBuildFile; fileRef = C59A2C181E83FEB30087DB6B /* ZombieType.swift */; };
		C59A2C1B1E842AFE0087DB6B /* BoxTile.swift in Sources */ = {isa = PBXBuildFile; fileRef = C59A2C1A1E842AFE0087DB6B /* BoxTile.swift */; };
		C59A2C1D1E8476630087DB6B /* SpriteLayer.swift in Sources */ = {isa = PBXBuildFile; fileRef = C59A2C1C1E8476630087DB6B /* SpriteLayer.swift */; };
		C59A2C1F1E8483EB0087DB6B /* GameOverScene.swift in Sources */ = {isa = PBXBuildFile; fileRef = C59A2C1E1E8483EB0087DB6B /* GameOverScene.swift */; };
		C59A2C231E84989A0087DB6B /* Constants.swift in Sources */ = {isa = PBXBuildFile; fileRef = C59A2C221E84989A0087DB6B /* Constants.swift */; };
		C59A2C251E854B0C0087DB6B /* MainMenuScene.swift in Sources */ = {isa = PBXBuildFile; fileRef = C59A2C241E854B0C0087DB6B /* MainMenuScene.swift */; };
		C59A2C271E8936070087DB6B /* WeaponFactory.swift in Sources */ = {isa = PBXBuildFile; fileRef = C59A2C261E8936030087DB6B /* WeaponFactory.swift */; };
		C59A2C291E89363A0087DB6B /* BulletFactory.swift in Sources */ = {isa = PBXBuildFile; fileRef = C59A2C281E89363A0087DB6B /* BulletFactory.swift */; };
		C59A2C2B1E8938C30087DB6B /* WeaponType.swift in Sources */ = {isa = PBXBuildFile; fileRef = C59A2C2A1E8938C30087DB6B /* WeaponType.swift */; };
		C5CC589E1E8BEF1400FFC4CA /* PowerUp.swift in Sources */ = {isa = PBXBuildFile; fileRef = C5CC589D1E8BEF1400FFC4CA /* PowerUp.swift */; };
		C5CC58A01E8BEF9B00FFC4CA /* MedKit.swift in Sources */ = {isa = PBXBuildFile; fileRef = C5CC589F1E8BEF9B00FFC4CA /* MedKit.swift */; };
		C5CC58A21E8BF28400FFC4CA /* MachineGun.swift in Sources */ = {isa = PBXBuildFile; fileRef = C5CC58A11E8BF28400FFC4CA /* MachineGun.swift */; };
		C5CC58A41E8BF3CA00FFC4CA /* PowerUpFactory.swift in Sources */ = {isa = PBXBuildFile; fileRef = C5CC58A31E8BF3CA00FFC4CA /* PowerUpFactory.swift */; };
		C5CC58A61E8BF3F800FFC4CA /* PowerUpType.swift in Sources */ = {isa = PBXBuildFile; fileRef = C5CC58A51E8BF3F800FFC4CA /* PowerUpType.swift */; };
		C5CC58A81E8D5EE200FFC4CA /* Globals.swift in Sources */ = {isa = PBXBuildFile; fileRef = C5CC58A71E8D5EE100FFC4CA /* Globals.swift */; };
		C5D1F0401E7F4AFA00CEEC88 /* Player.swift in Sources */ = {isa = PBXBuildFile; fileRef = C5D1F03F1E7F4AFA00CEEC88 /* Player.swift */; };
/* End PBXBuildFile section */

/* Begin PBXFileReference section */
		C5032B461E7C07DD007DB5CE /* ZombieShooter.app */ = {isa = PBXFileReference; explicitFileType = wrapper.application; includeInIndex = 0; path = ZombieShooter.app; sourceTree = BUILT_PRODUCTS_DIR; };
		C5032B491E7C07DD007DB5CE /* AppDelegate.swift */ = {isa = PBXFileReference; lastKnownFileType = sourcecode.swift; path = AppDelegate.swift; sourceTree = "<group>"; };
		C5032B4B1E7C07DD007DB5CE /* GameScene.sks */ = {isa = PBXFileReference; lastKnownFileType = file.sks; path = GameScene.sks; sourceTree = "<group>"; };
		C5032B4D1E7C07DD007DB5CE /* Actions.sks */ = {isa = PBXFileReference; lastKnownFileType = file.sks; path = Actions.sks; sourceTree = "<group>"; };
		C5032B4F1E7C07DD007DB5CE /* GameScene.swift */ = {isa = PBXFileReference; lastKnownFileType = sourcecode.swift; path = GameScene.swift; sourceTree = "<group>"; };
		C5032B511E7C07DD007DB5CE /* GameViewController.swift */ = {isa = PBXFileReference; lastKnownFileType = sourcecode.swift; path = GameViewController.swift; sourceTree = "<group>"; };
		C5032B541E7C07DD007DB5CE /* Base */ = {isa = PBXFileReference; lastKnownFileType = file.storyboard; name = Base; path = Base.lproj/Main.storyboard; sourceTree = "<group>"; };
		C5032B561E7C07DD007DB5CE /* Assets.xcassets */ = {isa = PBXFileReference; lastKnownFileType = folder.assetcatalog; path = Assets.xcassets; sourceTree = "<group>"; };
		C5032B591E7C07DD007DB5CE /* Base */ = {isa = PBXFileReference; lastKnownFileType = file.storyboard; name = Base; path = Base.lproj/LaunchScreen.storyboard; sourceTree = "<group>"; };
		C5032B5B1E7C07DD007DB5CE /* Info.plist */ = {isa = PBXFileReference; lastKnownFileType = text.plist.xml; path = Info.plist; sourceTree = "<group>"; };
		C55769E31E807BCB001E836A /* PlayerType.swift */ = {isa = PBXFileReference; fileEncoding = 4; lastKnownFileType = sourcecode.swift; path = PlayerType.swift; sourceTree = "<group>"; };
		C55769E51E807C2F001E836A /* PlayerFactory.swift */ = {isa = PBXFileReference; fileEncoding = 4; lastKnownFileType = sourcecode.swift; path = PlayerFactory.swift; sourceTree = "<group>"; };
		C55769E81E80816E001E836A /* Bullet.swift */ = {isa = PBXFileReference; fileEncoding = 4; lastKnownFileType = sourcecode.swift; path = Bullet.swift; sourceTree = "<group>"; };
		C55769EF1E80843A001E836A /* Weapon.swift */ = {isa = PBXFileReference; fileEncoding = 4; lastKnownFileType = sourcecode.swift; path = Weapon.swift; sourceTree = "<group>"; };
		C57E61EE1E81467B00D93BD1 /* PhysicsCategories.swift */ = {isa = PBXFileReference; fileEncoding = 4; lastKnownFileType = sourcecode.swift; path = PhysicsCategories.swift; sourceTree = "<group>"; };
		C57E61F01E8149DD00D93BD1 /* RandomGenerator.swift */ = {isa = PBXFileReference; fileEncoding = 4; lastKnownFileType = sourcecode.swift; path = RandomGenerator.swift; sourceTree = "<group>"; };
		C57E61F61E814B4E00D93BD1 /* WallTile.swift */ = {isa = PBXFileReference; fileEncoding = 4; lastKnownFileType = sourcecode.swift; path = WallTile.swift; sourceTree = "<group>"; };
		C57E61F81E814B9700D93BD1 /* LevelFactory.swift */ = {isa = PBXFileReference; fileEncoding = 4; lastKnownFileType = sourcecode.swift; path = LevelFactory.swift; sourceTree = "<group>"; };
		C58039A91E8AABB9003D439B /* blood.atlas */ = {isa = PBXFileReference; lastKnownFileType = folder.skatlas; path = blood.atlas; sourceTree = "<group>"; };
		C58039AD1E8AB4FE003D439B /* blood_d.atlas */ = {isa = PBXFileReference; lastKnownFileType = folder.skatlas; path = blood_d.atlas; sourceTree = "<group>"; };
		C59A2C0F1E82A61E0087DB6B /* Zombie.swift */ = {isa = PBXFileReference; fileEncoding = 4; lastKnownFileType = sourcecode.swift; path = Zombie.swift; sourceTree = "<group>"; };
		C59A2C111E82A8130087DB6B /* ZombieFactory.swift */ = {isa = PBXFileReference; fileEncoding = 4; lastKnownFileType = sourcecode.swift; path = ZombieFactory.swift; sourceTree = "<group>"; };
		C59A2C161E83FC650087DB6B /* coolFont.TTF */ = {isa = PBXFileReference; lastKnownFileType = file; path = coolFont.TTF; sourceTree = "<group>"; };
		C59A2C181E83FEB30087DB6B /* ZombieType.swift */ = {isa = PBXFileReference; fileEncoding = 4; lastKnownFileType = sourcecode.swift; path = ZombieType.swift; sourceTree = "<group>"; };
		C59A2C1A1E842AFE0087DB6B /* BoxTile.swift */ = {isa = PBXFileReference; fileEncoding = 4; lastKnownFileType = sourcecode.swift; path = BoxTile.swift; sourceTree = "<group>"; };
		C59A2C1C1E8476630087DB6B /* SpriteLayer.swift */ = {isa = PBXFileReference; fileEncoding = 4; lastKnownFileType = sourcecode.swift; path = SpriteLayer.swift; sourceTree = "<group>"; };
		C59A2C1E1E8483EB0087DB6B /* GameOverScene.swift */ = {isa = PBXFileReference; fileEncoding = 4; lastKnownFileType = sourcecode.swift; path = GameOverScene.swift; sourceTree = "<group>"; };
		C59A2C221E84989A0087DB6B /* Constants.swift */ = {isa = PBXFileReference; fileEncoding = 4; lastKnownFileType = sourcecode.swift; path = Constants.swift; sourceTree = "<group>"; };
		C59A2C241E854B0C0087DB6B /* MainMenuScene.swift */ = {isa = PBXFileReference; fileEncoding = 4; lastKnownFileType = sourcecode.swift; path = MainMenuScene.swift; sourceTree = "<group>"; };
		C59A2C261E8936030087DB6B /* WeaponFactory.swift */ = {isa = PBXFileReference; fileEncoding = 4; lastKnownFileType = sourcecode.swift; path = WeaponFactory.swift; sourceTree = "<group>"; };
		C59A2C281E89363A0087DB6B /* BulletFactory.swift */ = {isa = PBXFileReference; fileEncoding = 4; lastKnownFileType = sourcecode.swift; path = BulletFactory.swift; sourceTree = "<group>"; };
		C59A2C2A1E8938C30087DB6B /* WeaponType.swift */ = {isa = PBXFileReference; fileEncoding = 4; lastKnownFileType = sourcecode.swift; path = WeaponType.swift; sourceTree = "<group>"; };
		C5CC589D1E8BEF1400FFC4CA /* PowerUp.swift */ = {isa = PBXFileReference; fileEncoding = 4; lastKnownFileType = sourcecode.swift; path = PowerUp.swift; sourceTree = "<group>"; };
		C5CC589F1E8BEF9B00FFC4CA /* MedKit.swift */ = {isa = PBXFileReference; fileEncoding = 4; lastKnownFileType = sourcecode.swift; path = MedKit.swift; sourceTree = "<group>"; };
		C5CC58A11E8BF28400FFC4CA /* MachineGun.swift */ = {isa = PBXFileReference; fileEncoding = 4; lastKnownFileType = sourcecode.swift; path = MachineGun.swift; sourceTree = "<group>"; };
		C5CC58A31E8BF3CA00FFC4CA /* PowerUpFactory.swift */ = {isa = PBXFileReference; fileEncoding = 4; lastKnownFileType = sourcecode.swift; path = PowerUpFactory.swift; sourceTree = "<group>"; };
		C5CC58A51E8BF3F800FFC4CA /* PowerUpType.swift */ = {isa = PBXFileReference; fileEncoding = 4; lastKnownFileType = sourcecode.swift; path = PowerUpType.swift; sourceTree = "<group>"; };
		C5CC58A71E8D5EE100FFC4CA /* Globals.swift */ = {isa = PBXFileReference; fileEncoding = 4; lastKnownFileType = sourcecode.swift; path = Globals.swift; sourceTree = "<group>"; };
		C5D1F03F1E7F4AFA00CEEC88 /* Player.swift */ = {isa = PBXFileReference; fileEncoding = 4; lastKnownFileType = sourcecode.swift; path = Player.swift; sourceTree = "<group>"; };
/* End PBXFileReference section */

/* Begin PBXFrameworksBuildPhase section */
		C5032B431E7C07DD007DB5CE /* Frameworks */ = {
			isa = PBXFrameworksBuildPhase;
			buildActionMask = 2147483647;
			files = (
			);
			runOnlyForDeploymentPostprocessing = 0;
		};
/* End PBXFrameworksBuildPhase section */

/* Begin PBXGroup section */
		C5032B3D1E7C07DD007DB5CE = {
			isa = PBXGroup;
			children = (
				C5032B481E7C07DD007DB5CE /* ZombieShooter */,
				C5032B471E7C07DD007DB5CE /* Products */,
			);
			sourceTree = "<group>";
		};
		C5032B471E7C07DD007DB5CE /* Products */ = {
			isa = PBXGroup;
			children = (
				C5032B461E7C07DD007DB5CE /* ZombieShooter.app */,
			);
			name = Products;
			sourceTree = "<group>";
		};
		C5032B481E7C07DD007DB5CE /* ZombieShooter */ = {
			isa = PBXGroup;
			children = (
				C59A2C161E83FC650087DB6B /* coolFont.TTF */,
				C5032B4D1E7C07DD007DB5CE /* Actions.sks */,
				C5032B491E7C07DD007DB5CE /* AppDelegate.swift */,
				C58039AD1E8AB4FE003D439B /* blood_d.atlas */,
				C58039A91E8AABB9003D439B /* blood.atlas */,
				C5032B561E7C07DD007DB5CE /* Assets.xcassets */,
				C55769E11E807BA1001E836A /* Enums */,
				C55769E21E807BA7001E836A /* Factories */,
				C5032B4B1E7C07DD007DB5CE /* GameScene.sks */,
				C5032B511E7C07DD007DB5CE /* GameViewController.swift */,
				C5032B5B1E7C07DD007DB5CE /* Info.plist */,
				C5032B581E7C07DD007DB5CE /* LaunchScreen.storyboard */,
				C5032B531E7C07DD007DB5CE /* Main.storyboard */,
				C5D1F03E1E7F4ABF00CEEC88 /* Models */,
				C55769E71E807F74001E836A /* Scenes */,
				C55769EA1E8082A3001E836A /* Utilites */,
			);
			path = ZombieShooter;
			sourceTree = "<group>";
		};
		C55769E11E807BA1001E836A /* Enums */ = {
			isa = PBXGroup;
			children = (
				C55769E31E807BCB001E836A /* PlayerType.swift */,
				C57E61EE1E81467B00D93BD1 /* PhysicsCategories.swift */,
				C59A2C181E83FEB30087DB6B /* ZombieType.swift */,
				C59A2C1C1E8476630087DB6B /* SpriteLayer.swift */,
				C59A2C2A1E8938C30087DB6B /* WeaponType.swift */,
				C5CC58A51E8BF3F800FFC4CA /* PowerUpType.swift */,
			);
			name = Enums;
			sourceTree = "<group>";
		};
		C55769E21E807BA7001E836A /* Factories */ = {
			isa = PBXGroup;
			children = (
				C55769E51E807C2F001E836A /* PlayerFactory.swift */,
				C57E61F81E814B9700D93BD1 /* LevelFactory.swift */,
				C59A2C111E82A8130087DB6B /* ZombieFactory.swift */,
				C59A2C261E8936030087DB6B /* WeaponFactory.swift */,
				C59A2C281E89363A0087DB6B /* BulletFactory.swift */,
				C5CC58A31E8BF3CA00FFC4CA /* PowerUpFactory.swift */,
			);
			name = Factories;
			sourceTree = "<group>";
		};
		C55769E71E807F74001E836A /* Scenes */ = {
			isa = PBXGroup;
			children = (
				C5032B4F1E7C07DD007DB5CE /* GameScene.swift */,
				C59A2C1E1E8483EB0087DB6B /* GameOverScene.swift */,
				C59A2C241E854B0C0087DB6B /* MainMenuScene.swift */,
			);
			name = Scenes;
			sourceTree = "<group>";
		};
		C55769EA1E8082A3001E836A /* Utilites */ = {
			isa = PBXGroup;
			children = (
				C57E61F01E8149DD00D93BD1 /* RandomGenerator.swift */,
				C59A2C221E84989A0087DB6B /* Constants.swift */,
				C5CC58A71E8D5EE100FFC4CA /* Globals.swift */,
			);
			name = Utilites;
			sourceTree = "<group>";
		};
		C5CC589C1E8BEE8F00FFC4CA /* PowerUps */ = {
			isa = PBXGroup;
			children = (
				C5CC589D1E8BEF1400FFC4CA /* PowerUp.swift */,
				C5CC589F1E8BEF9B00FFC4CA /* MedKit.swift */,
				C5CC58A11E8BF28400FFC4CA /* MachineGun.swift */,
			);
			name = PowerUps;
			sourceTree = "<group>";
		};
		C5D1F03E1E7F4ABF00CEEC88 /* Models */ = {
			isa = PBXGroup;
			children = (
				C5CC589C1E8BEE8F00FFC4CA /* PowerUps */,
				C5D1F03F1E7F4AFA00CEEC88 /* Player.swift */,
				C55769E81E80816E001E836A /* Bullet.swift */,
				C55769EF1E80843A001E836A /* Weapon.swift */,
				C57E61F61E814B4E00D93BD1 /* WallTile.swift */,
				C59A2C0F1E82A61E0087DB6B /* Zombie.swift */,
				C59A2C1A1E842AFE0087DB6B /* BoxTile.swift */,
			);
			name = Models;
			sourceTree = "<group>";
		};
/* End PBXGroup section */

/* Begin PBXNativeTarget section */
		C5032B451E7C07DD007DB5CE /* ZombieShooter */ = {
			isa = PBXNativeTarget;
			buildConfigurationList = C5032B5E1E7C07DD007DB5CE /* Build configuration list for PBXNativeTarget "ZombieShooter" */;
			buildPhases = (
				C5032B421E7C07DD007DB5CE /* Sources */,
				C5032B431E7C07DD007DB5CE /* Frameworks */,
				C5032B441E7C07DD007DB5CE /* Resources */,
			);
			buildRules = (
			);
			dependencies = (
			);
			name = ZombieShooter;
			productName = ZombieShooter;
			productReference = C5032B461E7C07DD007DB5CE /* ZombieShooter.app */;
			productType = "com.apple.product-type.application";
		};
/* End PBXNativeTarget section */

/* Begin PBXProject section */
		C5032B3E1E7C07DD007DB5CE /* Project object */ = {
			isa = PBXProject;
			attributes = {
				LastSwiftUpdateCheck = 0820;
				LastUpgradeCheck = 0820;
				ORGANIZATIONNAME = JT;
				TargetAttributes = {
					C5032B451E7C07DD007DB5CE = {
						CreatedOnToolsVersion = 8.2.1;
						DevelopmentTeam = 835Z8A3UC4;
						ProvisioningStyle = Automatic;
					};
				};
			};
			buildConfigurationList = C5032B411E7C07DD007DB5CE /* Build configuration list for PBXProject "ZombieShooter" */;
			compatibilityVersion = "Xcode 3.2";
			developmentRegion = English;
			hasScannedForEncodings = 0;
			knownRegions = (
				en,
				Base,
			);
			mainGroup = C5032B3D1E7C07DD007DB5CE;
			productRefGroup = C5032B471E7C07DD007DB5CE /* Products */;
			projectDirPath = "";
			projectRoot = "";
			targets = (
				C5032B451E7C07DD007DB5CE /* ZombieShooter */,
			);
		};
/* End PBXProject section */

/* Begin PBXResourcesBuildPhase section */
		C5032B441E7C07DD007DB5CE /* Resources */ = {
			isa = PBXResourcesBuildPhase;
			buildActionMask = 2147483647;
			files = (
				C59A2C171E83FC660087DB6B /* coolFont.TTF in Resources */,
				C5032B551E7C07DD007DB5CE /* Main.storyboard in Resources */,
				C5032B4C1E7C07DD007DB5CE /* GameScene.sks in Resources */,
				C58039AE1E8AB4FE003D439B /* blood_d.atlas in Resources */,
				C5032B571E7C07DD007DB5CE /* Assets.xcassets in Resources */,
				C5032B5A1E7C07DD007DB5CE /* LaunchScreen.storyboard in Resources */,
				C5032B4E1E7C07DD007DB5CE /* Actions.sks in Resources */,
				C58039AA1E8AABB9003D439B /* blood.atlas in Resources */,
			);
			runOnlyForDeploymentPostprocessing = 0;
		};
/* End PBXResourcesBuildPhase section */

/* Begin PBXSourcesBuildPhase section */
		C5032B421E7C07DD007DB5CE /* Sources */ = {
			isa = PBXSourcesBuildPhase;
			buildActionMask = 2147483647;
			files = (
				C5CC58A81E8D5EE200FFC4CA /* Globals.swift in Sources */,
				C55769E41E807BCB001E836A /* PlayerType.swift in Sources */,
				C59A2C231E84989A0087DB6B /* Constants.swift in Sources */,
				C5CC58A21E8BF28400FFC4CA /* MachineGun.swift in Sources */,
				C5D1F0401E7F4AFA00CEEC88 /* Player.swift in Sources */,
				C59A2C271E8936070087DB6B /* WeaponFactory.swift in Sources */,
				C5032B501E7C07DD007DB5CE /* GameScene.swift in Sources */,
				C57E61F91E814B9700D93BD1 /* LevelFactory.swift in Sources */,
				C59A2C1D1E8476630087DB6B /* SpriteLayer.swift in Sources */,
				C5CC58A01E8BEF9B00FFC4CA /* MedKit.swift in Sources */,
				C55769E91E80816E001E836A /* Bullet.swift in Sources */,
				C55769E61E807C2F001E836A /* PlayerFactory.swift in Sources */,
				C57E61F11E8149DD00D93BD1 /* RandomGenerator.swift in Sources */,
				C5CC58A61E8BF3F800FFC4CA /* PowerUpType.swift in Sources */,
				C5CC589E1E8BEF1400FFC4CA /* PowerUp.swift in Sources */,
				C59A2C2B1E8938C30087DB6B /* WeaponType.swift in Sources */,
				C57E61EF1E81467B00D93BD1 /* PhysicsCategories.swift in Sources */,
				C5CC58A41E8BF3CA00FFC4CA /* PowerUpFactory.swift in Sources */,
				C59A2C251E854B0C0087DB6B /* MainMenuScene.swift in Sources */,
				C59A2C1F1E8483EB0087DB6B /* GameOverScene.swift in Sources */,
				C59A2C101E82A61E0087DB6B /* Zombie.swift in Sources */,
				C5032B521E7C07DD007DB5CE /* GameViewController.swift in Sources */,
				C59A2C191E83FEB30087DB6B /* ZombieType.swift in Sources */,
				C5032B4A1E7C07DD007DB5CE /* AppDelegate.swift in Sources */,
				C59A2C1B1E842AFE0087DB6B /* BoxTile.swift in Sources */,
				C59A2C291E89363A0087DB6B /* BulletFactory.swift in Sources */,
				C59A2C121E82A8130087DB6B /* ZombieFactory.swift in Sources */,
				C55769F01E80843A001E836A /* Weapon.swift in Sources */,
				C57E61F71E814B4E00D93BD1 /* WallTile.swift in Sources */,
			);
			runOnlyForDeploymentPostprocessing = 0;
		};
/* End PBXSourcesBuildPhase section */

/* Begin PBXVariantGroup section */
		C5032B531E7C07DD007DB5CE /* Main.storyboard */ = {
			isa = PBXVariantGroup;
			children = (
				C5032B541E7C07DD007DB5CE /* Base */,
			);
			name = Main.storyboard;
			sourceTree = "<group>";
		};
		C5032B581E7C07DD007DB5CE /* LaunchScreen.storyboard */ = {
			isa = PBXVariantGroup;
			children = (
				C5032B591E7C07DD007DB5CE /* Base */,
			);
			name = LaunchScreen.storyboard;
			sourceTree = "<group>";
		};
/* End PBXVariantGroup section */

/* Begin XCBuildConfiguration section */
		C5032B5C1E7C07DD007DB5CE /* Debug */ = {
			isa = XCBuildConfiguration;
			buildSettings = {
				ALWAYS_SEARCH_USER_PATHS = NO;
				CLANG_ANALYZER_NONNULL = YES;
				CLANG_CXX_LANGUAGE_STANDARD = "gnu++0x";
				CLANG_CXX_LIBRARY = "libc++";
				CLANG_ENABLE_MODULES = YES;
				CLANG_ENABLE_OBJC_ARC = YES;
				CLANG_WARN_BOOL_CONVERSION = YES;
				CLANG_WARN_CONSTANT_CONVERSION = YES;
				CLANG_WARN_DIRECT_OBJC_ISA_USAGE = YES_ERROR;
				CLANG_WARN_DOCUMENTATION_COMMENTS = YES;
				CLANG_WARN_EMPTY_BODY = YES;
				CLANG_WARN_ENUM_CONVERSION = YES;
				CLANG_WARN_INFINITE_RECURSION = YES;
				CLANG_WARN_INT_CONVERSION = YES;
				CLANG_WARN_OBJC_ROOT_CLASS = YES_ERROR;
				CLANG_WARN_SUSPICIOUS_MOVE = YES;
				CLANG_WARN_UNREACHABLE_CODE = YES;
				CLANG_WARN__DUPLICATE_METHOD_MATCH = YES;
				"CODE_SIGN_IDENTITY[sdk=iphoneos*]" = "iPhone Developer";
				COPY_PHASE_STRIP = NO;
				DEBUG_INFORMATION_FORMAT = dwarf;
				ENABLE_STRICT_OBJC_MSGSEND = YES;
				ENABLE_TESTABILITY = YES;
				GCC_C_LANGUAGE_STANDARD = gnu99;
				GCC_DYNAMIC_NO_PIC = NO;
				GCC_NO_COMMON_BLOCKS = YES;
				GCC_OPTIMIZATION_LEVEL = 0;
				GCC_PREPROCESSOR_DEFINITIONS = (
					"DEBUG=1",
					"$(inherited)",
				);
				GCC_WARN_64_TO_32_BIT_CONVERSION = YES;
				GCC_WARN_ABOUT_RETURN_TYPE = YES_ERROR;
				GCC_WARN_UNDECLARED_SELECTOR = YES;
				GCC_WARN_UNINITIALIZED_AUTOS = YES_AGGRESSIVE;
				GCC_WARN_UNUSED_FUNCTION = YES;
				GCC_WARN_UNUSED_VARIABLE = YES;
				IPHONEOS_DEPLOYMENT_TARGET = 10.2;
				MTL_ENABLE_DEBUG_INFO = YES;
				ONLY_ACTIVE_ARCH = YES;
				SDKROOT = iphoneos;
				SWIFT_ACTIVE_COMPILATION_CONDITIONS = DEBUG;
				SWIFT_OPTIMIZATION_LEVEL = "-Onone";
			};
			name = Debug;
		};
		C5032B5D1E7C07DD007DB5CE /* Release */ = {
			isa = XCBuildConfiguration;
			buildSettings = {
				ALWAYS_SEARCH_USER_PATHS = NO;
				CLANG_ANALYZER_NONNULL = YES;
				CLANG_CXX_LANGUAGE_STANDARD = "gnu++0x";
				CLANG_CXX_LIBRARY = "libc++";
				CLANG_ENABLE_MODULES = YES;
				CLANG_ENABLE_OBJC_ARC = YES;
				CLANG_WARN_BOOL_CONVERSION = YES;
				CLANG_WARN_CONSTANT_CONVERSION = YES;
				CLANG_WARN_DIRECT_OBJC_ISA_USAGE = YES_ERROR;
				CLANG_WARN_DOCUMENTATION_COMMENTS = YES;
				CLANG_WARN_EMPTY_BODY = YES;
				CLANG_WARN_ENUM_CONVERSION = YES;
				CLANG_WARN_INFINITE_RECURSION = YES;
				CLANG_WARN_INT_CONVERSION = YES;
				CLANG_WARN_OBJC_ROOT_CLASS = YES_ERROR;
				CLANG_WARN_SUSPICIOUS_MOVE = YES;
				CLANG_WARN_UNREACHABLE_CODE = YES;
				CLANG_WARN__DUPLICATE_METHOD_MATCH = YES;
				"CODE_SIGN_IDENTITY[sdk=iphoneos*]" = "iPhone Developer";
				COPY_PHASE_STRIP = NO;
				DEBUG_INFORMATION_FORMAT = "dwarf-with-dsym";
				ENABLE_NS_ASSERTIONS = NO;
				ENABLE_STRICT_OBJC_MSGSEND = YES;
				GCC_C_LANGUAGE_STANDARD = gnu99;
				GCC_NO_COMMON_BLOCKS = YES;
				GCC_WARN_64_TO_32_BIT_CONVERSION = YES;
				GCC_WARN_ABOUT_RETURN_TYPE = YES_ERROR;
				GCC_WARN_UNDECLARED_SELECTOR = YES;
				GCC_WARN_UNINITIALIZED_AUTOS = YES_AGGRESSIVE;
				GCC_WARN_UNUSED_FUNCTION = YES;
				GCC_WARN_UNUSED_VARIABLE = YES;
				IPHONEOS_DEPLOYMENT_TARGET = 10.2;
				MTL_ENABLE_DEBUG_INFO = NO;
				SDKROOT = iphoneos;
				SWIFT_OPTIMIZATION_LEVEL = "-Owholemodule";
				VALIDATE_PRODUCT = YES;
			};
			name = Release;
		};
		C5032B5F1E7C07DD007DB5CE /* Debug */ = {
			isa = XCBuildConfiguration;
			buildSettings = {
				ASSETCATALOG_COMPILER_APPICON_NAME = AppIcon;
				DEVELOPMENT_TEAM = 835Z8A3UC4;
				INFOPLIST_FILE = ZombieShooter/Info.plist;
				IPHONEOS_DEPLOYMENT_TARGET = 10.0;
				LD_RUNPATH_SEARCH_PATHS = "$(inherited) @executable_path/Frameworks";
				PRODUCT_BUNDLE_IDENTIFIER = JT.ZombieShooter;
				PRODUCT_NAME = "$(TARGET_NAME)";
				SWIFT_VERSION = 3.0;
				TARGETED_DEVICE_FAMILY = 1;
			};
			name = Debug;
		};
		C5032B601E7C07DD007DB5CE /* Release */ = {
			isa = XCBuildConfiguration;
			buildSettings = {
				ASSETCATALOG_COMPILER_APPICON_NAME = AppIcon;
				DEVELOPMENT_TEAM = 835Z8A3UC4;
				INFOPLIST_FILE = ZombieShooter/Info.plist;
				IPHONEOS_DEPLOYMENT_TARGET = 10.0;
				LD_RUNPATH_SEARCH_PATHS = "$(inherited) @executable_path/Frameworks";
				PRODUCT_BUNDLE_IDENTIFIER = JT.ZombieShooter;
				PRODUCT_NAME = "$(TARGET_NAME)";
				SWIFT_VERSION = 3.0;
				TARGETED_DEVICE_FAMILY = 1;
			};
			name = Release;
		};
/* End XCBuildConfiguration section */

/* Begin XCConfigurationList section */
		C5032B411E7C07DD007DB5CE /* Build configuration list for PBXProject "ZombieShooter" */ = {
			isa = XCConfigurationList;
			buildConfigurations = (
				C5032B5C1E7C07DD007DB5CE /* Debug */,
				C5032B5D1E7C07DD007DB5CE /* Release */,
			);
			defaultConfigurationIsVisible = 0;
			defaultConfigurationName = Release;
		};
		C5032B5E1E7C07DD007DB5CE /* Build configuration list for PBXNativeTarget "ZombieShooter" */ = {
			isa = XCConfigurationList;
			buildConfigurations = (
				C5032B5F1E7C07DD007DB5CE /* Debug */,
				C5032B601E7C07DD007DB5CE /* Release */,
			);
			defaultConfigurationIsVisible = 0;
			defaultConfigurationName = Release;
		};
/* End XCConfigurationList section */
	};
	rootObject = C5032B3E1E7C07DD007DB5CE /* Project object */;
}
